
Microsoft Visual Studio Solution File, Format Version 12.00
# Visual Studio Version 17
VisualStudioVersion = 17.3.32819.101
MinimumVisualStudioVersion = 10.0.40219.1
Project("{9A19103F-16F7-4668-BE54-9A1E7A4F7556}") = "NHLSystemClassLibrary", "NHLSystemClassLibrary\NHLSystemClassLibrary.csproj", "{1EFA018F-31D5-4EC8-9020-3E1FF70AABE0}"
EndProject
Project("{9A19103F-16F7-4668-BE54-9A1E7A4F7556}") = "NHLConsoleApp", "NHLConsoleApp\NHLConsoleApp.csproj", "{6500FDD0-8425-41A1-AD45-F267CF6EB79D}"
EndProject
Project("{9A19103F-16F7-4668-BE54-9A1E7A4F7556}") = "NHLSystemTestProject", "NHLSystemTestProject\NHLSystemTestProject.csproj", "{CE43F536-4AB5-47D4-AC45-7CF1DB9F0B89}"
EndProject
Project("{9A19103F-16F7-4668-BE54-9A1E7A4F7556}") = "NhlWebApp", "NhlWebApp\NhlWebApp.csproj", "{A401000A-409E-41A0-83B8-0DC48D7125C2}"
EndProject
Global
	GlobalSection(SolutionConfigurationPlatforms) = preSolution
		Debug|Any CPU = Debug|Any CPU
		Release|Any CPU = Release|Any CPU
	EndGlobalSection
	GlobalSection(ProjectConfigurationPlatforms) = postSolution
		{1EFA018F-31D5-4EC8-9020-3E1FF70AABE0}.Debug|Any CPU.ActiveCfg = Debug|Any CPU
		{1EFA018F-31D5-4EC8-9020-3E1FF70AABE0}.Debug|Any CPU.Build.0 = Debug|Any CPU
		{1EFA018F-31D5-4EC8-9020-3E1FF70AABE0}.Release|Any CPU.ActiveCfg = Release|Any CPU
		{1EFA018F-31D5-4EC8-9020-3E1FF70AABE0}.Release|Any CPU.Build.0 = Release|Any CPU
		{6500FDD0-8425-41A1-AD45-F267CF6EB79D}.Debug|Any CPU.ActiveCfg = Debug|Any CPU
		{6500FDD0-8425-41A1-AD45-F267CF6EB79D}.Debug|Any CPU.Build.0 = Debug|Any CPU
		{6500FDD0-8425-41A1-AD45-F267CF6EB79D}.Release|Any CPU.ActiveCfg = Release|Any CPU
		{6500FDD0-8425-41A1-AD45-F267CF6EB79D}.Release|Any CPU.Build.0 = Release|Any CPU
		{CE43F536-4AB5-47D4-AC45-7CF1DB9F0B89}.Debug|Any CPU.ActiveCfg = Debug|Any CPU
		{CE43F536-4AB5-47D4-AC45-7CF1DB9F0B89}.Debug|Any CPU.Build.0 = Debug|Any CPU
		{CE43F536-4AB5-47D4-AC45-7CF1DB9F0B89}.Release|Any CPU.ActiveCfg = Release|Any CPU
		{CE43F536-4AB5-47D4-AC45-7CF1DB9F0B89}.Release|Any CPU.Build.0 = Release|Any CPU
		{A401000A-409E-41A0-83B8-0DC48D7125C2}.Debug|Any CPU.ActiveCfg = Debug|Any CPU
		{A401000A-409E-41A0-83B8-0DC48D7125C2}.Debug|Any CPU.Build.0 = Debug|Any CPU
		{A401000A-409E-41A0-83B8-0DC48D7125C2}.Release|Any CPU.ActiveCfg = Release|Any CPU
		{A401000A-409E-41A0-83B8-0DC48D7125C2}.Release|Any CPU.Build.0 = Release|Any CPU
	EndGlobalSection
	GlobalSection(SolutionProperties) = preSolution
		HideSolutionNode = FALSE
	EndGlobalSection
	GlobalSection(ExtensibilityGlobals) = postSolution
		SolutionGuid = {42CB29BC-D57C-411A-904D-118C04E3169E}
	EndGlobalSection
EndGlobal
